<?xml version="1.0" encoding="utf-8"?>
<Project ToolsVersion="4.0" xmlns="http://schemas.microsoft.com/developer/msbuild/2003">
  <ItemGroup>
    <Filter Include="Source Files">
      <UniqueIdentifier>{09fe29f7-42e2-40fe-aca4-746e66720d0b}</UniqueIdentifier>
      <Extensions>cpp;c;cxx;rc;def;r;odl;idl;hpj;bat</Extensions>
    </Filter>
    <Filter Include="Header Files">
      <UniqueIdentifier>{38382966-7e2e-4bdd-b3ec-d8d417c55c17}</UniqueIdentifier>
      <Extensions>h;hpp;hxx;hm;inl</Extensions>
    </Filter>
    <Filter Include="Resource Files">
      <UniqueIdentifier>{234d8c25-c6eb-4cc4-9605-70db5e020c2d}</UniqueIdentifier>
      <Extensions>ico;cur;bmp;dlg;rc2;rct;bin;rgs;gif;jpg;jpeg;jpe</Extensions>
    </Filter>
  </ItemGroup>
  <ItemGroup>
    <ClCompile Include="ana.cpp">
      <Filter>Source Files</Filter>
    </ClCompile>
    <ClCompile Include="bfin-dis.cpp">
      <Filter>Source Files</Filter>
    </ClCompile>
    <ClCompile Include="emu.cpp">
      <Filter>Source Files</Filter>
    </ClCompile>
    <ClCompile Include="out.cpp">
      <Filter>Source Files</Filter>
    </ClCompile>
    <ClCompile Include="reg.cpp">
      <Filter>Source Files</Filter>
    </ClCompile>
  </ItemGroup>
  <ItemGroup>
    <ClInclude Include="bfin.h">
      <Filter>Header Files</Filter>
    </ClInclude>
    <ClInclude Include="blackfin.h">
      <Filter>Header Files</Filter>
    </ClInclude>
    <ClInclude Include="dis-asm.h">
      <Filter>Header Files</Filter>
    </ClInclude>
  </ItemGroup>
</Project>